
Microsoft Visual Studio Solution File, Format Version 12.00
Project("{FAE04EC0-301F-11D3-BF4B-00C04F79EFBC}") = "Prometheus.Backend", "Prometheus.Backend.csproj", "{96513D4D-502D-4E14-8244-0128B9DDB0CD}"
EndProject
Global
	GlobalSection(SolutionConfigurationPlatforms) = preSolution
		Debug|Any CPU = Debug|Any CPU
		Release|Any CPU = Release|Any CPU
	EndGlobalSection
	GlobalSection(ProjectConfigurationPlatforms) = postSolution
		{96513D4D-502D-4E14-8244-0128B9DDB0CD}.Debug|Any CPU.ActiveCfg = Debug|Any CPU
		{96513D4D-502D-4E14-8244-0128B9DDB0CD}.Debug|Any CPU.Build.0 = Debug|Any CPU
		{96513D4D-502D-4E14-8244-0128B9DDB0CD}.Release|Any CPU.ActiveCfg = Release|Any CPU
		{96513D4D-502D-4E14-8244-0128B9DDB0CD}.Release|Any CPU.Build.0 = Release|Any CPU
	EndGlobalSection
EndGlobal
